{
  "name": "ia-corrector-mvp",
  "lockfileVersion": 3,
  "requires": true,
  "packages": {
    "": {
      "dependencies": {
        "@rive-app/react-canvas": "^4.28.2"
      }
    },
    "node_modules/@rive-app/canvas": {
      "version": "2.37.4",
      "resolved": "https://registry.npmjs.org/@rive-app/canvas/-/canvas-2.37.4.tgz",
      "integrity": "sha512-I1DLeA8daBGxXybRDncGibMwZMhfMdKqcnkBozoCl33wDidk75r7UijjJYE9hPJ/VMYNpYCaAYLXLqnRAEryRw=="
    },
    "node_modules/@rive-app/react-canvas": {
      "version": "4.28.2",
      "resolved": "https://registry.npmjs.org/@rive-app/react-canvas/-/react-canvas-4.28.2.tgz",
      "integrity": "sha512-60g0yJ/k7O89DA0V5llrZ6T91cybEV1EYqwIHm7aVGa8f4jJVAn09rJvJErZG087JpFxrVuOt9K8HZb8pMpwiA==",
      "dependencies": {
        "@rive-app/canvas": "2.37.4"
      },
      "peerDependencies": {
        "react": "^16.8.0 || ^17.0.0 || ^18.0.0 || ^19.0"
      }
    },
    "node_modules/react": {
      "version": "19.2.5",
      "resolved": "https://registry.npmjs.org/react/-/react-19.2.5.tgz",
      "integrity": "sha512-llUJLzz1zTUBrskt2pwZgLq59AemifIftw4aB7JxOqf1HY2FDaGDxgwpAPVzHU1kdWabH7FauP4i1oEeer2WCA==",
      "peer": true,
      "engines": {
        "node": ">=0.10.0"
      }
    }
  }
}
